// !$*UTF8*$!
{
	archiveVersion = 1;
	classes = {
	};
	objectVersion = 45;
	objects = {

/* Begin PBXBuildFile section */
		1AE75A5D0F5AAF19009DAA51 /* libz.dylib in Frameworks */ = {isa = PBXBuildFile; fileRef = 1AE75A5C0F5AAF19009DAA51 /* libz.dylib */; };
		1AE75AA70F5AAFCD009DAA51 /* pngpread.c in Sources */ = {isa = PBXBuildFile; fileRef = 1AE75A930F5AAFCD009DAA51 /* pngpread.c */; };
		1AE75AA80F5AAFCD009DAA51 /* pngvcrd.c in Sources */ = {isa = PBXBuildFile; fileRef = 1AE75A940F5AAFCD009DAA51 /* pngvcrd.c */; };
		1AE75AA90F5AAFCD009DAA51 /* pngwrite.c in Sources */ = {isa = PBXBuildFile; fileRef = 1AE75A950F5AAFCD009DAA51 /* pngwrite.c */; };
		1AE75AAA0F5AAFCD009DAA51 /* pngwutil.c in Sources */ = {isa = PBXBuildFile; fileRef = 1AE75A960F5AAFCD009DAA51 /* pngwutil.c */; };
		1AE75AAB0F5AAFCD009DAA51 /* pngrutil.c in Sources */ = {isa = PBXBuildFile; fileRef = 1AE75A970F5AAFCD009DAA51 /* pngrutil.c */; };
		1AE75AAC0F5AAFCD009DAA51 /* pngset.c in Sources */ = {isa = PBXBuildFile; fileRef = 1AE75A980F5AAFCD009DAA51 /* pngset.c */; };
		1AE75AAD0F5AAFCD009DAA51 /* pngwtran.c in Sources */ = {isa = PBXBuildFile; fileRef = 1AE75A990F5AAFCD009DAA51 /* pngwtran.c */; };
		1AE75AAE0F5AAFCD009DAA51 /* pngconf.h in Headers */ = {isa = PBXBuildFile; fileRef = 1AE75A9A0F5AAFCD009DAA51 /* pngconf.h */; };
		1AE75AAF0F5AAFCD009DAA51 /* png.h in Headers */ = {isa = PBXBuildFile; fileRef = 1AE75A9B0F5AAFCD009DAA51 /* png.h */; };
		1AE75AB00F5AAFCD009DAA51 /* pngmem.c in Sources */ = {isa = PBXBuildFile; fileRef = 1AE75A9C0F5AAFCD009DAA51 /* pngmem.c */; };
		1AE75AB10F5AAFCD009DAA51 /* pngrio.c in Sources */ = {isa = PBXBuildFile; fileRef = 1AE75A9D0F5AAFCD009DAA51 /* pngrio.c */; };
		1AE75AB20F5AAFCD009DAA51 /* png.c in Sources */ = {isa = PBXBuildFile; fileRef = 1AE75A9E0F5AAFCD009DAA51 /* png.c */; };
		1AE75AB30F5AAFCD009DAA51 /* pngwio.c in Sources */ = {isa = PBXBuildFile; fileRef = 1AE75A9F0F5AAFCD009DAA51 /* pngwio.c */; };
		1AE75AB40F5AAFCD009DAA51 /* pngtest.c in Sources */ = {isa = PBXBuildFile; fileRef = 1AE75AA00F5AAFCD009DAA51 /* pngtest.c */; };
		1AE75AB50F5AAFCD009DAA51 /* pngtrans.c in Sources */ = {isa = PBXBuildFile; fileRef = 1AE75AA10F5AAFCD009DAA51 /* pngtrans.c */; };
		1AE75AB60F5AAFCD009DAA51 /* pngrtran.c in Sources */ = {isa = PBXBuildFile; fileRef = 1AE75AA20F5AAFCD009DAA51 /* pngrtran.c */; };
		1AE75AB70F5AAFCD009DAA51 /* pngread.c in Sources */ = {isa = PBXBuildFile; fileRef = 1AE75AA30F5AAFCD009DAA51 /* pngread.c */; };
		1AE75AB80F5AAFCD009DAA51 /* pnggccrd.c in Sources */ = {isa = PBXBuildFile; fileRef = 1AE75AA40F5AAFCD009DAA51 /* pnggccrd.c */; };
		1AE75AB90F5AAFCD009DAA51 /* pngerror.c in Sources */ = {isa = PBXBuildFile; fileRef = 1AE75AA50F5AAFCD009DAA51 /* pngerror.c */; };
		1AE75ABA0F5AAFCD009DAA51 /* pngget.c in Sources */ = {isa = PBXBuildFile; fileRef = 1AE75AA60F5AAFCD009DAA51 /* pngget.c */; };
		1AE75ABC0F5AAFEC009DAA51 /* pngusr.h in Headers */ = {isa = PBXBuildFile; fileRef = 1AE75ABB0F5AAFEC009DAA51 /* pngusr.h */; };
		1AE75AC20F5AB051009DAA51 /* libpng.a in Frameworks */ = {isa = PBXBuildFile; fileRef = 1AE75A670F5AAF74009DAA51 /* libpng.a */; };
		1AE75AE20F5AB43C009DAA51 /* GrayMap.h in Headers */ = {isa = PBXBuildFile; fileRef = 1AE75AE00F5AB43C009DAA51 /* GrayMap.h */; };
		1AE75AE30F5AB43C009DAA51 /* GrayMap.c in Sources */ = {isa = PBXBuildFile; fileRef = 1AE75AE10F5AB43C009DAA51 /* GrayMap.c */; };
		8DD76F9A0486AA7600D96B5E /* distancemap.c in Sources */ = {isa = PBXBuildFile; fileRef = 08FB7796FE84155DC02AAC07 /* distancemap.c */; settings = {ATTRIBUTES = (); }; };
/* End PBXBuildFile section */

/* Begin PBXContainerItemProxy section */
		1AE75ABF0F5AB029009DAA51 /* PBXContainerItemProxy */ = {
			isa = PBXContainerItemProxy;
			containerPortal = 08FB7793FE84155DC02AAC07 /* Project object */;
			proxyType = 1;
			remoteGlobalIDString = 1AE75A660F5AAF74009DAA51;
			remoteInfo = "libpng-custom";
		};
/* End PBXContainerItemProxy section */

/* Begin PBXCopyFilesBuildPhase section */
		8DD76F9E0486AA7600D96B5E /* CopyFiles */ = {
			isa = PBXCopyFilesBuildPhase;
			buildActionMask = 8;
			dstPath = /usr/share/man/man1/;
			dstSubfolderSpec = 0;
			files = (
			);
			runOnlyForDeploymentPostprocessing = 1;
		};
/* End PBXCopyFilesBuildPhase section */

/* Begin PBXFileReference section */
		08FB7796FE84155DC02AAC07 /* distancemap.c */ = {isa = PBXFileReference; fileEncoding = 4; lastKnownFileType = sourcecode.c.c; path = distancemap.c; sourceTree = "<group>"; };
		1AE75A5C0F5AAF19009DAA51 /* libz.dylib */ = {isa = PBXFileReference; lastKnownFileType = "compiled.mach-o.dylib"; name = libz.dylib; path = /usr/lib/libz.dylib; sourceTree = "<absolute>"; };
		1AE75A670F5AAF74009DAA51 /* libpng.a */ = {isa = PBXFileReference; explicitFileType = archive.ar; includeInIndex = 0; path = libpng.a; sourceTree = BUILT_PRODUCTS_DIR; };
		1AE75A930F5AAFCD009DAA51 /* pngpread.c */ = {isa = PBXFileReference; fileEncoding = 4; lastKnownFileType = sourcecode.c.c; name = pngpread.c; path = "../../deps/Cross-platform-deps/libpng/pngpread.c"; sourceTree = SOURCE_ROOT; };
		1AE75A940F5AAFCD009DAA51 /* pngvcrd.c */ = {isa = PBXFileReference; fileEncoding = 4; lastKnownFileType = sourcecode.c.c; name = pngvcrd.c; path = "../../deps/Cross-platform-deps/libpng/pngvcrd.c"; sourceTree = SOURCE_ROOT; };
		1AE75A950F5AAFCD009DAA51 /* pngwrite.c */ = {isa = PBXFileReference; fileEncoding = 4; lastKnownFileType = sourcecode.c.c; name = pngwrite.c; path = "../../deps/Cross-platform-deps/libpng/pngwrite.c"; sourceTree = SOURCE_ROOT; };
		1AE75A960F5AAFCD009DAA51 /* pngwutil.c */ = {isa = PBXFileReference; fileEncoding = 4; lastKnownFileType = sourcecode.c.c; name = pngwutil.c; path = "../../deps/Cross-platform-deps/libpng/pngwutil.c"; sourceTree = SOURCE_ROOT; };
		1AE75A970F5AAFCD009DAA51 /* pngrutil.c */ = {isa = PBXFileReference; fileEncoding = 4; lastKnownFileType = sourcecode.c.c; name = pngrutil.c; path = "../../deps/Cross-platform-deps/libpng/pngrutil.c"; sourceTree = SOURCE_ROOT; };
		1AE75A980F5AAFCD009DAA51 /* pngset.c */ = {isa = PBXFileReference; fileEncoding = 4; lastKnownFileType = sourcecode.c.c; name = pngset.c; path = "../../deps/Cross-platform-deps/libpng/pngset.c"; sourceTree = SOURCE_ROOT; };
		1AE75A990F5AAFCD009DAA51 /* pngwtran.c */ = {isa = PBXFileReference; fileEncoding = 4; lastKnownFileType = sourcecode.c.c; name = pngwtran.c; path = "../../deps/Cross-platform-deps/libpng/pngwtran.c"; sourceTree = SOURCE_ROOT; };
		1AE75A9A0F5AAFCD009DAA51 /* pngconf.h */ = {isa = PBXFileReference; fileEncoding = 4; lastKnownFileType = sourcecode.c.h; name = pngconf.h; path = "../../deps/Cross-platform-deps/libpng/pngconf.h"; sourceTree = SOURCE_ROOT; };
		1AE75A9B0F5AAFCD009DAA51 /* png.h */ = {isa = PBXFileReference; fileEncoding = 4; lastKnownFileType = sourcecode.c.h; name = png.h; path = "../../deps/Cross-platform-deps/libpng/png.h"; sourceTree = SOURCE_ROOT; };
		1AE75A9C0F5AAFCD009DAA51 /* pngmem.c */ = {isa = PBXFileReference; fileEncoding = 4; lastKnownFileType = sourcecode.c.c; name = pngmem.c; path = "../../deps/Cross-platform-deps/libpng/pngmem.c"; sourceTree = SOURCE_ROOT; };
		1AE75A9D0F5AAFCD009DAA51 /* pngrio.c */ = {isa = PBXFileReference; fileEncoding = 4; lastKnownFileType = sourcecode.c.c; name = pngrio.c; path = "../../deps/Cross-platform-deps/libpng/pngrio.c"; sourceTree = SOURCE_ROOT; };
		1AE75A9E0F5AAFCD009DAA51 /* png.c */ = {isa = PBXFileReference; fileEncoding = 4; lastKnownFileType = sourcecode.c.c; name = png.c; path = "../../deps/Cross-platform-deps/libpng/png.c"; sourceTree = SOURCE_ROOT; };
		1AE75A9F0F5AAFCD009DAA51 /* pngwio.c */ = {isa = PBXFileReference; fileEncoding = 4; lastKnownFileType = sourcecode.c.c; name = pngwio.c; path = "../../deps/Cross-platform-deps/libpng/pngwio.c"; sourceTree = SOURCE_ROOT; };
		1AE75AA00F5AAFCD009DAA51 /* pngtest.c */ = {isa = PBXFileReference; fileEncoding = 4; lastKnownFileType = sourcecode.c.c; name = pngtest.c; path = "../../deps/Cross-platform-deps/libpng/pngtest.c"; sourceTree = SOURCE_ROOT; };
		1AE75AA10F5AAFCD009DAA51 /* pngtrans.c */ = {isa = PBXFileReference; fileEncoding = 4; lastKnownFileType = sourcecode.c.c; name = pngtrans.c; path = "../../deps/Cross-platform-deps/libpng/pngtrans.c"; sourceTree = SOURCE_ROOT; };
		1AE75AA20F5AAFCD009DAA51 /* pngrtran.c */ = {isa = PBXFileReference; fileEncoding = 4; lastKnownFileType = sourcecode.c.c; name = pngrtran.c; path = "../../deps/Cross-platform-deps/libpng/pngrtran.c"; sourceTree = SOURCE_ROOT; };
		1AE75AA30F5AAFCD009DAA51 /* pngread.c */ = {isa = PBXFileReference; fileEncoding = 4; lastKnownFileType = sourcecode.c.c; name = pngread.c; path = "../../deps/Cross-platform-deps/libpng/pngread.c"; sourceTree = SOURCE_ROOT; };
		1AE75AA40F5AAFCD009DAA51 /* pnggccrd.c */ = {isa = PBXFileReference; fileEncoding = 4; lastKnownFileType = sourcecode.c.c; name = pnggccrd.c; path = "../../deps/Cross-platform-deps/libpng/pnggccrd.c"; sourceTree = SOURCE_ROOT; };
		1AE75AA50F5AAFCD009DAA51 /* pngerror.c */ = {isa = PBXFileReference; fileEncoding = 4; lastKnownFileType = sourcecode.c.c; name = pngerror.c; path = "../../deps/Cross-platform-deps/libpng/pngerror.c"; sourceTree = SOURCE_ROOT; };
		1AE75AA60F5AAFCD009DAA51 /* pngget.c */ = {isa = PBXFileReference; fileEncoding = 4; lastKnownFileType = sourcecode.c.c; name = pngget.c; path = "../../deps/Cross-platform-deps/libpng/pngget.c"; sourceTree = SOURCE_ROOT; };
		1AE75ABB0F5AAFEC009DAA51 /* pngusr.h */ = {isa = PBXFileReference; fileEncoding = 4; lastKnownFileType = sourcecode.c.h; path = pngusr.h; sourceTree = "<group>"; };
		1AE75AE00F5AB43C009DAA51 /* GrayMap.h */ = {isa = PBXFileReference; fileEncoding = 4; lastKnownFileType = sourcecode.c.h; path = GrayMap.h; sourceTree = "<group>"; };
		1AE75AE10F5AB43C009DAA51 /* GrayMap.c */ = {isa = PBXFileReference; fileEncoding = 4; lastKnownFileType = sourcecode.c.c; path = GrayMap.c; sourceTree = "<group>"; };
		32A70AAB03705E1F00C91783 /* distancemap_Prefix.pch */ = {isa = PBXFileReference; fileEncoding = 4; lastKnownFileType = sourcecode.c.h; path = distancemap_Prefix.pch; sourceTree = "<group>"; };
		8DD76FA10486AA7600D96B5E /* distancemap */ = {isa = PBXFileReference; explicitFileType = "compiled.mach-o.executable"; includeInIndex = 0; path = distancemap; sourceTree = BUILT_PRODUCTS_DIR; };
/* End PBXFileReference section */

/* Begin PBXFrameworksBuildPhase section */
		1AE75A650F5AAF74009DAA51 /* Frameworks */ = {
			isa = PBXFrameworksBuildPhase;
			buildActionMask = 2147483647;
			files = (
			);
			runOnlyForDeploymentPostprocessing = 0;
		};
		8DD76F9B0486AA7600D96B5E /* Frameworks */ = {
			isa = PBXFrameworksBuildPhase;
			buildActionMask = 2147483647;
			files = (
				1AE75A5D0F5AAF19009DAA51 /* libz.dylib in Frameworks */,
				1AE75AC20F5AB051009DAA51 /* libpng.a in Frameworks */,
			);
			runOnlyForDeploymentPostprocessing = 0;
		};
/* End PBXFrameworksBuildPhase section */

/* Begin PBXGroup section */
		08FB7794FE84155DC02AAC07 /* distancemap */ = {
			isa = PBXGroup;
			children = (
				08FB7795FE84155DC02AAC07 /* Source */,
				1AE75A6C0F5AAF9A009DAA51 /* libpng */,
				1AE75A5C0F5AAF19009DAA51 /* libz.dylib */,
				1AB674ADFE9D54B511CA2CBB /* Products */,
			);
			name = distancemap;
			sourceTree = "<group>";
		};
		08FB7795FE84155DC02AAC07 /* Source */ = {
			isa = PBXGroup;
			children = (
				32A70AAB03705E1F00C91783 /* distancemap_Prefix.pch */,
				08FB7796FE84155DC02AAC07 /* distancemap.c */,
				1AE75AE00F5AB43C009DAA51 /* GrayMap.h */,
				1AE75AE10F5AB43C009DAA51 /* GrayMap.c */,
			);
			name = Source;
			sourceTree = "<group>";
		};
		1AB674ADFE9D54B511CA2CBB /* Products */ = {
			isa = PBXGroup;
			children = (
				8DD76FA10486AA7600D96B5E /* distancemap */,
				1AE75A670F5AAF74009DAA51 /* libpng.a */,
			);
			name = Products;
			sourceTree = "<group>";
		};
		1AE75A6C0F5AAF9A009DAA51 /* libpng */ = {
			isa = PBXGroup;
			children = (
				1AE75ABB0F5AAFEC009DAA51 /* pngusr.h */,
				1AE75A9B0F5AAFCD009DAA51 /* png.h */,
				1AE75A9A0F5AAFCD009DAA51 /* pngconf.h */,
				1AE75A930F5AAFCD009DAA51 /* pngpread.c */,
				1AE75A940F5AAFCD009DAA51 /* pngvcrd.c */,
				1AE75A950F5AAFCD009DAA51 /* pngwrite.c */,
				1AE75A960F5AAFCD009DAA51 /* pngwutil.c */,
				1AE75A970F5AAFCD009DAA51 /* pngrutil.c */,
				1AE75A980F5AAFCD009DAA51 /* pngset.c */,
				1AE75A990F5AAFCD009DAA51 /* pngwtran.c */,
				1AE75A9C0F5AAFCD009DAA51 /* pngmem.c */,
				1AE75A9D0F5AAFCD009DAA51 /* pngrio.c */,
				1AE75A9E0F5AAFCD009DAA51 /* png.c */,
				1AE75A9F0F5AAFCD009DAA51 /* pngwio.c */,
				1AE75AA00F5AAFCD009DAA51 /* pngtest.c */,
				1AE75AA10F5AAFCD009DAA51 /* pngtrans.c */,
				1AE75AA20F5AAFCD009DAA51 /* pngrtran.c */,
				1AE75AA30F5AAFCD009DAA51 /* pngread.c */,
				1AE75AA40F5AAFCD009DAA51 /* pnggccrd.c */,
				1AE75AA50F5AAFCD009DAA51 /* pngerror.c */,
				1AE75AA60F5AAFCD009DAA51 /* pngget.c */,
			);
			name = libpng;
			sourceTree = "<group>";
		};
/* End PBXGroup section */

/* Begin PBXHeadersBuildPhase section */
		1AE75A630F5AAF74009DAA51 /* Headers */ = {
			isa = PBXHeadersBuildPhase;
			buildActionMask = 2147483647;
			files = (
				1AE75AAE0F5AAFCD009DAA51 /* pngconf.h in Headers */,
				1AE75AAF0F5AAFCD009DAA51 /* png.h in Headers */,
				1AE75ABC0F5AAFEC009DAA51 /* pngusr.h in Headers */,
				1AE75AE20F5AB43C009DAA51 /* GrayMap.h in Headers */,
			);
			runOnlyForDeploymentPostprocessing = 0;
		};
/* End PBXHeadersBuildPhase section */

/* Begin PBXNativeTarget section */
		1AE75A660F5AAF74009DAA51 /* libpng-custom */ = {
			isa = PBXNativeTarget;
			buildConfigurationList = 1AE75A6B0F5AAF7E009DAA51 /* Build configuration list for PBXNativeTarget "libpng-custom" */;
			buildPhases = (
				1AE75A630F5AAF74009DAA51 /* Headers */,
				1AE75A640F5AAF74009DAA51 /* Sources */,
				1AE75A650F5AAF74009DAA51 /* Frameworks */,
			);
			buildRules = (
			);
			dependencies = (
			);
			name = "libpng-custom";
			productName = "libpng-custom";
			productReference = 1AE75A670F5AAF74009DAA51 /* libpng.a */;
			productType = "com.apple.product-type.library.static";
		};
		8DD76F960486AA7600D96B5E /* distancemap */ = {
			isa = PBXNativeTarget;
			buildConfigurationList = 1DEB927408733DD40010E9CD /* Build configuration list for PBXNativeTarget "distancemap" */;
			buildPhases = (
				8DD76F990486AA7600D96B5E /* Sources */,
				8DD76F9B0486AA7600D96B5E /* Frameworks */,
				8DD76F9E0486AA7600D96B5E /* CopyFiles */,
			);
			buildRules = (
			);
			dependencies = (
				1AE75AC00F5AB029009DAA51 /* PBXTargetDependency */,
			);
			name = distancemap;
			productInstallPath = "$(HOME)/bin";
			productName = distancemap;
			productReference = 8DD76FA10486AA7600D96B5E /* distancemap */;
			productType = "com.apple.product-type.tool";
		};
/* End PBXNativeTarget section */

/* Begin PBXProject section */
		08FB7793FE84155DC02AAC07 /* Project object */ = {
			isa = PBXProject;
			buildConfigurationList = 1DEB927808733DD40010E9CD /* Build configuration list for PBXProject "distancemap" */;
			compatibilityVersion = "Xcode 3.1";
			hasScannedForEncodings = 1;
			mainGroup = 08FB7794FE84155DC02AAC07 /* distancemap */;
			projectDirPath = "";
			projectRoot = "";
			targets = (
				8DD76F960486AA7600D96B5E /* distancemap */,
				1AE75A660F5AAF74009DAA51 /* libpng-custom */,
			);
		};
/* End PBXProject section */

/* Begin PBXSourcesBuildPhase section */
		1AE75A640F5AAF74009DAA51 /* Sources */ = {
			isa = PBXSourcesBuildPhase;
			buildActionMask = 2147483647;
			files = (
				1AE75AA70F5AAFCD009DAA51 /* pngpread.c in Sources */,
				1AE75AA80F5AAFCD009DAA51 /* pngvcrd.c in Sources */,
				1AE75AA90F5AAFCD009DAA51 /* pngwrite.c in Sources */,
				1AE75AAA0F5AAFCD009DAA51 /* pngwutil.c in Sources */,
				1AE75AAB0F5AAFCD009DAA51 /* pngrutil.c in Sources */,
				1AE75AAC0F5AAFCD009DAA51 /* pngset.c in Sources */,
				1AE75AAD0F5AAFCD009DAA51 /* pngwtran.c in Sources */,
				1AE75AB00F5AAFCD009DAA51 /* pngmem.c in Sources */,
				1AE75AB10F5AAFCD009DAA51 /* pngrio.c in Sources */,
				1AE75AB20F5AAFCD009DAA51 /* png.c in Sources */,
				1AE75AB30F5AAFCD009DAA51 /* pngwio.c in Sources */,
				1AE75AB40F5AAFCD009DAA51 /* pngtest.c in Sources */,
				1AE75AB50F5AAFCD009DAA51 /* pngtrans.c in Sources */,
				1AE75AB60F5AAFCD009DAA51 /* pngrtran.c in Sources */,
				1AE75AB70F5AAFCD009DAA51 /* pngread.c in Sources */,
				1AE75AB80F5AAFCD009DAA51 /* pnggccrd.c in Sources */,
				1AE75AB90F5AAFCD009DAA51 /* pngerror.c in Sources */,
				1AE75ABA0F5AAFCD009DAA51 /* pngget.c in Sources */,
				1AE75AE30F5AB43C009DAA51 /* GrayMap.c in Sources */,
			);
			runOnlyForDeploymentPostprocessing = 0;
		};
		8DD76F990486AA7600D96B5E /* Sources */ = {
			isa = PBXSourcesBuildPhase;
			buildActionMask = 2147483647;
			files = (
				8DD76F9A0486AA7600D96B5E /* distancemap.c in Sources */,
			);
			runOnlyForDeploymentPostprocessing = 0;
		};
/* End PBXSourcesBuildPhase section */

/* Begin PBXTargetDependency section */
		1AE75AC00F5AB029009DAA51 /* PBXTargetDependency */ = {
			isa = PBXTargetDependency;
			target = 1AE75A660F5AAF74009DAA51 /* libpng-custom */;
			targetProxy = 1AE75ABF0F5AB029009DAA51 /* PBXContainerItemProxy */;
		};
/* End PBXTargetDependency section */

/* Begin XCBuildConfiguration section */
		1AE75A680F5AAF75009DAA51 /* Debug */ = {
			isa = XCBuildConfiguration;
			buildSettings = {
				ALWAYS_SEARCH_USER_PATHS = NO;
				COPY_PHASE_STRIP = NO;
				GCC_DYNAMIC_NO_PIC = NO;
				GCC_ENABLE_FIX_AND_CONTINUE = YES;
				GCC_MODEL_TUNING = G5;
				GCC_OPTIMIZATION_LEVEL = 0;
				GCC_PRECOMPILE_PREFIX_HEADER = YES;
				INSTALL_PATH = /usr/local/lib;
				OTHER_LDFLAGS = (
					"-framework",
					Foundation,
					"-framework",
					AppKit,
				);
				PREBINDING = NO;
				PRODUCT_NAME = png;
				SDKROOT = "";
			};
			name = Debug;
		};
		1AE75A690F5AAF75009DAA51 /* Release */ = {
			isa = XCBuildConfiguration;
			buildSettings = {
				ALWAYS_SEARCH_USER_PATHS = NO;
				COPY_PHASE_STRIP = YES;
				DEBUG_INFORMATION_FORMAT = "dwarf-with-dsym";
				GCC_ENABLE_FIX_AND_CONTINUE = NO;
				GCC_MODEL_TUNING = G5;
				GCC_PRECOMPILE_PREFIX_HEADER = YES;
				INSTALL_PATH = /usr/local/lib;
				OTHER_LDFLAGS = (
					"-framework",
					Foundation,
					"-framework",
					AppKit,
				);
				PREBINDING = NO;
				PRODUCT_NAME = png;
				SDKROOT = "";
				ZERO_LINK = NO;
			};
			name = Release;
		};
		1DEB927508733DD40010E9CD /* Debug */ = {
			isa = XCBuildConfiguration;
			buildSettings = {
				ALWAYS_SEARCH_USER_PATHS = NO;
				COPY_PHASE_STRIP = NO;
				GCC_DYNAMIC_NO_PIC = NO;
				GCC_ENABLE_FIX_AND_CONTINUE = YES;
				GCC_MODEL_TUNING = G5;
				GCC_OPTIMIZATION_LEVEL = 0;
				GCC_TREAT_WARNINGS_AS_ERRORS = YES;
				HEADER_SEARCH_PATHS = "../../deps/Cross-platform-deps/libpng/";
				INSTALL_PATH = /usr/local/bin;
				PRODUCT_NAME = distancemap;
				SDKROOT = "";
			};
			name = Debug;
		};
		1DEB927608733DD40010E9CD /* Release */ = {
			isa = XCBuildConfiguration;
			buildSettings = {
				ALWAYS_SEARCH_USER_PATHS = NO;
				DEBUG_INFORMATION_FORMAT = "dwarf-with-dsym";
				GCC_MODEL_TUNING = G5;
				GCC_PRECOMPILE_PREFIX_HEADER = YES;
				GCC_PREFIX_HEADER = distancemap_Prefix.pch;
				GCC_TREAT_WARNINGS_AS_ERRORS = YES;
				INSTALL_PATH = /usr/local/bin;
				PRODUCT_NAME = distancemap;
				SDKROOT = "";
			};
			name = Release;
		};
		1DEB927908733DD40010E9CD /* Debug */ = {
			isa = XCBuildConfiguration;
			buildSettings = {
				ARCHS = "$(ARCHS_STANDARD_32_BIT)";
				GCC_C_LANGUAGE_STANDARD = c99;
				GCC_OPTIMIZATION_LEVEL = 0;
				GCC_WARN_ABOUT_RETURN_TYPE = YES;
				GCC_WARN_UNUSED_VARIABLE = YES;
				ONLY_ACTIVE_ARCH = YES;
				PREBINDING = NO;
				SDKROOT = macosx10.5;
			};
			name = Debug;
		};
		1DEB927A08733DD40010E9CD /* Release */ = {
			isa = XCBuildConfiguration;
			buildSettings = {
				ARCHS = "$(ARCHS_STANDARD_32_BIT)";
				GCC_C_LANGUAGE_STANDARD = c99;
				GCC_WARN_ABOUT_RETURN_TYPE = YES;
				GCC_WARN_UNUSED_VARIABLE = YES;
				PREBINDING = NO;
				SDKROOT = macosx10.5;
			};
			name = Release;
		};
/* End XCBuildConfiguration section */

/* Begin XCConfigurationList section */
		1AE75A6B0F5AAF7E009DAA51 /* Build configuration list for PBXNativeTarget "libpng-custom" */ = {
			isa = XCConfigurationList;
			buildConfigurations = (
				1AE75A680F5AAF75009DAA51 /* Debug */,
				1AE75A690F5AAF75009DAA51 /* Release */,
			);
			defaultConfigurationIsVisible = 0;
			defaultConfigurationName = Release;
		};
		1DEB927408733DD40010E9CD /* Build configuration list for PBXNativeTarget "distancemap" */ = {
			isa = XCConfigurationList;
			buildConfigurations = (
				1DEB927508733DD40010E9CD /* Debug */,
				1DEB927608733DD40010E9CD /* Release */,
			);
			defaultConfigurationIsVisible = 0;
			defaultConfigurationName = Release;
		};
		1DEB927808733DD40010E9CD /* Build configuration list for PBXProject "distancemap" */ = {
			isa = XCConfigurationList;
			buildConfigurations = (
				1DEB927908733DD40010E9CD /* Debug */,
				1DEB927A08733DD40010E9CD /* Release */,
			);
			defaultConfigurationIsVisible = 0;
			defaultConfigurationName = Release;
		};
/* End XCConfigurationList section */
	};
	rootObject = 08FB7793FE84155DC02AAC07 /* Project object */;
}
