// !$*UTF8*$!
{
	archiveVersion = 1;
	classes = {
	};
	objectVersion = 45;
	objects = {

/* Begin PBXBuildFile section */
		1A675E6D10B4528F00786F5F /* Foundation.framework in Frameworks */ = {isa = PBXBuildFile; fileRef = 1A675E6C10B4528F00786F5F /* Foundation.framework */; };
		1A675F6210B466AF00786F5F /* generatemesh.c in Sources */ = {isa = PBXBuildFile; fileRef = 1A675F6110B466AF00786F5F /* generatemesh.c */; };
		1A675F6810B466CE00786F5F /* OOPlanetData.c in Sources */ = {isa = PBXBuildFile; fileRef = 1A675F6610B466CE00786F5F /* OOPlanetData.c */; };
		1A67607310B486EE00786F5F /* JAIcosTriangle.m in Sources */ = {isa = PBXBuildFile; fileRef = 1A67605510B479D200786F5F /* JAIcosTriangle.m */; };
		1A6760A710B48EC000786F5F /* JAIcosMesh.m in Sources */ = {isa = PBXBuildFile; fileRef = 1A67609610B48C6600786F5F /* JAIcosMesh.m */; };
		1A6760A810B48EC200786F5F /* JAVertexSet.m in Sources */ = {isa = PBXBuildFile; fileRef = 1A67608F10B4897B00786F5F /* JAVertexSet.m */; };
		1ABA0E6410B842CA00F6BF71 /* OOFastArithmetic.m in Sources */ = {isa = PBXBuildFile; fileRef = 1ABA0E5D10B842CA00F6BF71 /* OOFastArithmetic.m */; };
		1ABA0E6510B842CA00F6BF71 /* OOMatrix.m in Sources */ = {isa = PBXBuildFile; fileRef = 1ABA0E5F10B842CA00F6BF71 /* OOMatrix.m */; };
		1ABA0E6610B842CA00F6BF71 /* OOQuaternion.m in Sources */ = {isa = PBXBuildFile; fileRef = 1ABA0E6110B842CA00F6BF71 /* OOQuaternion.m */; };
		1ABA0E6710B842CA00F6BF71 /* OOVector.m in Sources */ = {isa = PBXBuildFile; fileRef = 1ABA0E6310B842CA00F6BF71 /* OOVector.m */; };
		8DD76F770486A8DE00D96B5E /* main.m in Sources */ = {isa = PBXBuildFile; fileRef = 08FB7796FE84155DC02AAC07 /* main.m */; settings = {ATTRIBUTES = (); }; };
/* End PBXBuildFile section */

/* Begin PBXContainerItemProxy section */
		1A675F6A10B466F700786F5F /* PBXContainerItemProxy */ = {
			isa = PBXContainerItemProxy;
			containerPortal = 08FB7793FE84155DC02AAC07 /* Project object */;
			proxyType = 1;
			remoteGlobalIDString = 8DD76F740486A8DE00D96B5E;
			remoteInfo = icosmesh;
		};
/* End PBXContainerItemProxy section */

/* Begin PBXCopyFilesBuildPhase section */
		8DD76F7B0486A8DE00D96B5E /* CopyFiles */ = {
			isa = PBXCopyFilesBuildPhase;
			buildActionMask = 8;
			dstPath = /usr/share/man/man1/;
			dstSubfolderSpec = 0;
			files = (
			);
			runOnlyForDeploymentPostprocessing = 1;
		};
/* End PBXCopyFilesBuildPhase section */

/* Begin PBXFileReference section */
		08FB7796FE84155DC02AAC07 /* main.m */ = {isa = PBXFileReference; fileEncoding = 4; lastKnownFileType = sourcecode.c.objc; path = main.m; sourceTree = "<group>"; };
		09AB6884FE841BABC02AAC07 /* CoreFoundation.framework */ = {isa = PBXFileReference; lastKnownFileType = wrapper.framework; name = CoreFoundation.framework; path = /System/Library/Frameworks/CoreFoundation.framework; sourceTree = "<absolute>"; };
		1A675E6C10B4528F00786F5F /* Foundation.framework */ = {isa = PBXFileReference; lastKnownFileType = wrapper.framework; name = Foundation.framework; path = System/Library/Frameworks/Foundation.framework; sourceTree = SDKROOT; };
		1A675F5D10B466A000786F5F /* generatemesh */ = {isa = PBXFileReference; explicitFileType = "compiled.mach-o.executable"; includeInIndex = 0; path = generatemesh; sourceTree = BUILT_PRODUCTS_DIR; };
		1A675F6110B466AF00786F5F /* generatemesh.c */ = {isa = PBXFileReference; fileEncoding = 4; lastKnownFileType = sourcecode.c.c; path = generatemesh.c; sourceTree = "<group>"; };
		1A675F6610B466CE00786F5F /* OOPlanetData.c */ = {isa = PBXFileReference; fileEncoding = 4; lastKnownFileType = sourcecode.c.c; name = OOPlanetData.c; path = build/Debug/OOPlanetData.c; sourceTree = "<group>"; };
		1A675F6710B466CE00786F5F /* OOPlanetData.h */ = {isa = PBXFileReference; fileEncoding = 4; lastKnownFileType = sourcecode.c.h; name = OOPlanetData.h; path = build/Debug/OOPlanetData.h; sourceTree = "<group>"; };
		1A675F7610B4684900786F5F /* OOOpenGLOnly.h */ = {isa = PBXFileReference; fileEncoding = 4; lastKnownFileType = sourcecode.c.h; path = OOOpenGLOnly.h; sourceTree = "<group>"; };
		1A67605410B479D200786F5F /* JAIcosTriangle.h */ = {isa = PBXFileReference; fileEncoding = 4; lastKnownFileType = sourcecode.c.h; path = JAIcosTriangle.h; sourceTree = "<group>"; };
		1A67605510B479D200786F5F /* JAIcosTriangle.m */ = {isa = PBXFileReference; fileEncoding = 4; lastKnownFileType = sourcecode.c.objc; path = JAIcosTriangle.m; sourceTree = "<group>"; };
		1A67605710B479EA00786F5F /* icosmesh.h */ = {isa = PBXFileReference; fileEncoding = 4; lastKnownFileType = sourcecode.c.h; path = icosmesh.h; sourceTree = "<group>"; };
		1A67608E10B4897B00786F5F /* JAVertexSet.h */ = {isa = PBXFileReference; fileEncoding = 4; lastKnownFileType = sourcecode.c.h; path = JAVertexSet.h; sourceTree = "<group>"; };
		1A67608F10B4897B00786F5F /* JAVertexSet.m */ = {isa = PBXFileReference; fileEncoding = 4; lastKnownFileType = sourcecode.c.objc; path = JAVertexSet.m; sourceTree = "<group>"; };
		1A67609510B48C6600786F5F /* JAIcosMesh.h */ = {isa = PBXFileReference; fileEncoding = 4; lastKnownFileType = sourcecode.c.h; path = JAIcosMesh.h; sourceTree = "<group>"; };
		1A67609610B48C6600786F5F /* JAIcosMesh.m */ = {isa = PBXFileReference; fileEncoding = 4; lastKnownFileType = sourcecode.c.objc; path = JAIcosMesh.m; sourceTree = "<group>"; };
		1ABA0E5A10B842CA00F6BF71 /* OOMaths.h */ = {isa = PBXFileReference; fileEncoding = 4; lastKnownFileType = sourcecode.c.h; path = OOMaths.h; sourceTree = "<group>"; };
		1ABA0E5B10B842CA00F6BF71 /* OOFunctionAttributes.h */ = {isa = PBXFileReference; fileEncoding = 4; lastKnownFileType = sourcecode.c.h; path = OOFunctionAttributes.h; sourceTree = "<group>"; };
		1ABA0E5C10B842CA00F6BF71 /* OOFastArithmetic.h */ = {isa = PBXFileReference; fileEncoding = 4; lastKnownFileType = sourcecode.c.h; path = OOFastArithmetic.h; sourceTree = "<group>"; };
		1ABA0E5D10B842CA00F6BF71 /* OOFastArithmetic.m */ = {isa = PBXFileReference; fileEncoding = 4; lastKnownFileType = sourcecode.c.objc; path = OOFastArithmetic.m; sourceTree = "<group>"; };
		1ABA0E5E10B842CA00F6BF71 /* OOMatrix.h */ = {isa = PBXFileReference; fileEncoding = 4; lastKnownFileType = sourcecode.c.h; path = OOMatrix.h; sourceTree = "<group>"; };
		1ABA0E5F10B842CA00F6BF71 /* OOMatrix.m */ = {isa = PBXFileReference; fileEncoding = 4; lastKnownFileType = sourcecode.c.objc; path = OOMatrix.m; sourceTree = "<group>"; };
		1ABA0E6010B842CA00F6BF71 /* OOQuaternion.h */ = {isa = PBXFileReference; fileEncoding = 4; lastKnownFileType = sourcecode.c.h; path = OOQuaternion.h; sourceTree = "<group>"; };
		1ABA0E6110B842CA00F6BF71 /* OOQuaternion.m */ = {isa = PBXFileReference; fileEncoding = 4; lastKnownFileType = sourcecode.c.objc; path = OOQuaternion.m; sourceTree = "<group>"; };
		1ABA0E6210B842CA00F6BF71 /* OOVector.h */ = {isa = PBXFileReference; fileEncoding = 4; lastKnownFileType = sourcecode.c.h; path = OOVector.h; sourceTree = "<group>"; };
		1ABA0E6310B842CA00F6BF71 /* OOVector.m */ = {isa = PBXFileReference; fileEncoding = 4; lastKnownFileType = sourcecode.c.objc; path = OOVector.m; sourceTree = "<group>"; };
		8DD76F7E0486A8DE00D96B5E /* icosmesh */ = {isa = PBXFileReference; explicitFileType = "compiled.mach-o.executable"; includeInIndex = 0; path = icosmesh; sourceTree = BUILT_PRODUCTS_DIR; };
/* End PBXFileReference section */

/* Begin PBXFrameworksBuildPhase section */
		1A675F5B10B466A000786F5F /* Frameworks */ = {
			isa = PBXFrameworksBuildPhase;
			buildActionMask = 2147483647;
			files = (
			);
			runOnlyForDeploymentPostprocessing = 0;
		};
		8DD76F780486A8DE00D96B5E /* Frameworks */ = {
			isa = PBXFrameworksBuildPhase;
			buildActionMask = 2147483647;
			files = (
				1A675E6D10B4528F00786F5F /* Foundation.framework in Frameworks */,
			);
			runOnlyForDeploymentPostprocessing = 0;
		};
/* End PBXFrameworksBuildPhase section */

/* Begin PBXGroup section */
		08FB7794FE84155DC02AAC07 /* icosmesh */ = {
			isa = PBXGroup;
			children = (
				08FB7795FE84155DC02AAC07 /* Source */,
				1A675F6110B466AF00786F5F /* generatemesh.c */,
				1ABA0E5910B842CA00F6BF71 /* OOMaths */,
				1A675F6410B466BB00786F5F /* Generated files */,
				08FB779DFE84155DC02AAC07 /* External Frameworks and Libraries */,
				19C28FBDFE9D53C911CA2CBB /* Products */,
				1A675E6C10B4528F00786F5F /* Foundation.framework */,
			);
			name = icosmesh;
			sourceTree = "<group>";
		};
		08FB7795FE84155DC02AAC07 /* Source */ = {
			isa = PBXGroup;
			children = (
				08FB7796FE84155DC02AAC07 /* main.m */,
				1A67605710B479EA00786F5F /* icosmesh.h */,
				1A675F7610B4684900786F5F /* OOOpenGLOnly.h */,
				1A67605410B479D200786F5F /* JAIcosTriangle.h */,
				1A67605510B479D200786F5F /* JAIcosTriangle.m */,
				1A67608E10B4897B00786F5F /* JAVertexSet.h */,
				1A67608F10B4897B00786F5F /* JAVertexSet.m */,
				1A67609510B48C6600786F5F /* JAIcosMesh.h */,
				1A67609610B48C6600786F5F /* JAIcosMesh.m */,
			);
			name = Source;
			sourceTree = "<group>";
		};
		08FB779DFE84155DC02AAC07 /* External Frameworks and Libraries */ = {
			isa = PBXGroup;
			children = (
				09AB6884FE841BABC02AAC07 /* CoreFoundation.framework */,
			);
			name = "External Frameworks and Libraries";
			sourceTree = "<group>";
		};
		19C28FBDFE9D53C911CA2CBB /* Products */ = {
			isa = PBXGroup;
			children = (
				8DD76F7E0486A8DE00D96B5E /* icosmesh */,
				1A675F5D10B466A000786F5F /* generatemesh */,
			);
			name = Products;
			sourceTree = "<group>";
		};
		1A675F6410B466BB00786F5F /* Generated files */ = {
			isa = PBXGroup;
			children = (
				1A675F6710B466CE00786F5F /* OOPlanetData.h */,
				1A675F6610B466CE00786F5F /* OOPlanetData.c */,
			);
			name = "Generated files";
			sourceTree = "<group>";
		};
		1ABA0E5910B842CA00F6BF71 /* OOMaths */ = {
			isa = PBXGroup;
			children = (
				1ABA0E5A10B842CA00F6BF71 /* OOMaths.h */,
				1ABA0E5B10B842CA00F6BF71 /* OOFunctionAttributes.h */,
				1ABA0E5C10B842CA00F6BF71 /* OOFastArithmetic.h */,
				1ABA0E5D10B842CA00F6BF71 /* OOFastArithmetic.m */,
				1ABA0E5E10B842CA00F6BF71 /* OOMatrix.h */,
				1ABA0E5F10B842CA00F6BF71 /* OOMatrix.m */,
				1ABA0E6010B842CA00F6BF71 /* OOQuaternion.h */,
				1ABA0E6110B842CA00F6BF71 /* OOQuaternion.m */,
				1ABA0E6210B842CA00F6BF71 /* OOVector.h */,
				1ABA0E6310B842CA00F6BF71 /* OOVector.m */,
			);
			name = OOMaths;
			path = ../../src/Core;
			sourceTree = SOURCE_ROOT;
		};
/* End PBXGroup section */

/* Begin PBXNativeTarget section */
		1A675F5C10B466A000786F5F /* generatemesh */ = {
			isa = PBXNativeTarget;
			buildConfigurationList = 1A675F6310B466B000786F5F /* Build configuration list for PBXNativeTarget "generatemesh" */;
			buildPhases = (
				1A675F6E10B466FF00786F5F /* ShellScript */,
				1A675F5A10B466A000786F5F /* Sources */,
				1A675F5B10B466A000786F5F /* Frameworks */,
			);
			buildRules = (
			);
			dependencies = (
				1A675F6B10B466F700786F5F /* PBXTargetDependency */,
			);
			name = generatemesh;
			productName = generatemesh;
			productReference = 1A675F5D10B466A000786F5F /* generatemesh */;
			productType = "com.apple.product-type.tool";
		};
		8DD76F740486A8DE00D96B5E /* icosmesh */ = {
			isa = PBXNativeTarget;
			buildConfigurationList = 1DEB924708733DCA0010E9CD /* Build configuration list for PBXNativeTarget "icosmesh" */;
			buildPhases = (
				8DD76F760486A8DE00D96B5E /* Sources */,
				8DD76F780486A8DE00D96B5E /* Frameworks */,
				8DD76F7B0486A8DE00D96B5E /* CopyFiles */,
			);
			buildRules = (
			);
			dependencies = (
			);
			name = icosmesh;
			productInstallPath = "$(HOME)/bin";
			productName = icosmesh;
			productReference = 8DD76F7E0486A8DE00D96B5E /* icosmesh */;
			productType = "com.apple.product-type.tool";
		};
/* End PBXNativeTarget section */

/* Begin PBXProject section */
		08FB7793FE84155DC02AAC07 /* Project object */ = {
			isa = PBXProject;
			attributes = {
				BuildIndependentTargetsInParallel = YES;
			};
			buildConfigurationList = 1DEB924B08733DCA0010E9CD /* Build configuration list for PBXProject "icosmesh" */;
			compatibilityVersion = "Xcode 3.1";
			developmentRegion = English;
			hasScannedForEncodings = 1;
			knownRegions = (
				English,
				Japanese,
				French,
				German,
			);
			mainGroup = 08FB7794FE84155DC02AAC07 /* icosmesh */;
			projectDirPath = "";
			projectRoot = "";
			targets = (
				8DD76F740486A8DE00D96B5E /* icosmesh */,
				1A675F5C10B466A000786F5F /* generatemesh */,
			);
		};
/* End PBXProject section */

/* Begin PBXShellScriptBuildPhase section */
		1A675F6E10B466FF00786F5F /* ShellScript */ = {
			isa = PBXShellScriptBuildPhase;
			buildActionMask = 2147483647;
			files = (
			);
			inputPaths = (
				"$(BUILT_PRODUCTS_DIR)/icosmesh",
			);
			outputPaths = (
				"$(BUILT_PRODUCTS_DIR)/OOPlanetData.c",
				"$(BUILT_PRODUCTS_DIR)/OOPlanetData.h",
			);
			runOnlyForDeploymentPostprocessing = 0;
			shellPath = /bin/sh;
			shellScript = "cd \"$BUILT_PRODUCTS_DIR\"\n\"$BUILT_PRODUCTS_DIR/icosmesh\"\n\n";
		};
/* End PBXShellScriptBuildPhase section */

/* Begin PBXSourcesBuildPhase section */
		1A675F5A10B466A000786F5F /* Sources */ = {
			isa = PBXSourcesBuildPhase;
			buildActionMask = 2147483647;
			files = (
				1A675F6210B466AF00786F5F /* generatemesh.c in Sources */,
				1A675F6810B466CE00786F5F /* OOPlanetData.c in Sources */,
				1ABA0E6410B842CA00F6BF71 /* OOFastArithmetic.m in Sources */,
				1ABA0E6510B842CA00F6BF71 /* OOMatrix.m in Sources */,
				1ABA0E6610B842CA00F6BF71 /* OOQuaternion.m in Sources */,
				1ABA0E6710B842CA00F6BF71 /* OOVector.m in Sources */,
			);
			runOnlyForDeploymentPostprocessing = 0;
		};
		8DD76F760486A8DE00D96B5E /* Sources */ = {
			isa = PBXSourcesBuildPhase;
			buildActionMask = 2147483647;
			files = (
				8DD76F770486A8DE00D96B5E /* main.m in Sources */,
				1A67607310B486EE00786F5F /* JAIcosTriangle.m in Sources */,
				1A6760A710B48EC000786F5F /* JAIcosMesh.m in Sources */,
				1A6760A810B48EC200786F5F /* JAVertexSet.m in Sources */,
			);
			runOnlyForDeploymentPostprocessing = 0;
		};
/* End PBXSourcesBuildPhase section */

/* Begin PBXTargetDependency section */
		1A675F6B10B466F700786F5F /* PBXTargetDependency */ = {
			isa = PBXTargetDependency;
			target = 8DD76F740486A8DE00D96B5E /* icosmesh */;
			targetProxy = 1A675F6A10B466F700786F5F /* PBXContainerItemProxy */;
		};
/* End PBXTargetDependency section */

/* Begin XCBuildConfiguration section */
		1A675F5F10B466A100786F5F /* Debug */ = {
			isa = XCBuildConfiguration;
			buildSettings = {
				ALWAYS_SEARCH_USER_PATHS = NO;
				COPY_PHASE_STRIP = NO;
				GCC_DYNAMIC_NO_PIC = NO;
				GCC_ENABLE_FIX_AND_CONTINUE = YES;
				GCC_MODEL_TUNING = G5;
				GCC_OPTIMIZATION_LEVEL = 0;
				GCC_PREPROCESSOR_DEFINITIONS_NOT_USED_IN_PRECOMPS = "OOMATHS_STANDALONE=1";
				INSTALL_PATH = /usr/local/bin;
				OTHER_LDFLAGS = (
					"-framework",
					Foundation,
					"-framework",
					AppKit,
				);
				PREBINDING = NO;
				PRODUCT_NAME = generatemesh;
			};
			name = Debug;
		};
		1DEB924808733DCA0010E9CD /* Debug */ = {
			isa = XCBuildConfiguration;
			buildSettings = {
				ALWAYS_SEARCH_USER_PATHS = NO;
				COPY_PHASE_STRIP = NO;
				GCC_DYNAMIC_NO_PIC = NO;
				GCC_ENABLE_FIX_AND_CONTINUE = YES;
				GCC_ENABLE_OBJC_GC = required;
				GCC_MODEL_TUNING = G5;
				GCC_OPTIMIZATION_LEVEL = 0;
				GCC_PREPROCESSOR_DEFINITIONS_NOT_USED_IN_PRECOMPS = "OOMATHS_STANDALONE=1";
				INSTALL_PATH = /usr/local/bin;
				PRODUCT_NAME = icosmesh;
			};
			name = Debug;
		};
		1DEB924C08733DCA0010E9CD /* Debug */ = {
			isa = XCBuildConfiguration;
			buildSettings = {
				ARCHS = "$(ARCHS_STANDARD_32_64_BIT)";
				GCC_C_LANGUAGE_STANDARD = gnu99;
				GCC_OPTIMIZATION_LEVEL = 0;
				GCC_WARN_ABOUT_RETURN_TYPE = YES;
				GCC_WARN_UNUSED_VARIABLE = YES;
				ONLY_ACTIVE_ARCH = YES;
				PREBINDING = NO;
				SDKROOT = macosx10.6;
			};
			name = Debug;
		};
/* End XCBuildConfiguration section */

/* Begin XCConfigurationList section */
		1A675F6310B466B000786F5F /* Build configuration list for PBXNativeTarget "generatemesh" */ = {
			isa = XCConfigurationList;
			buildConfigurations = (
				1A675F5F10B466A100786F5F /* Debug */,
			);
			defaultConfigurationIsVisible = 0;
			defaultConfigurationName = Debug;
		};
		1DEB924708733DCA0010E9CD /* Build configuration list for PBXNativeTarget "icosmesh" */ = {
			isa = XCConfigurationList;
			buildConfigurations = (
				1DEB924808733DCA0010E9CD /* Debug */,
			);
			defaultConfigurationIsVisible = 0;
			defaultConfigurationName = Debug;
		};
		1DEB924B08733DCA0010E9CD /* Build configuration list for PBXProject "icosmesh" */ = {
			isa = XCConfigurationList;
			buildConfigurations = (
				1DEB924C08733DCA0010E9CD /* Debug */,
			);
			defaultConfigurationIsVisible = 0;
			defaultConfigurationName = Debug;
		};
/* End XCConfigurationList section */
	};
	rootObject = 08FB7793FE84155DC02AAC07 /* Project object */;
}
